
Microsoft Visual Studio Solution File, Format Version 12.00
# Visual Studio Version 17
VisualStudioVersion = 17.4.33205.214
MinimumVisualStudioVersion = 10.0.40219.1
Project("{F184B08F-C81C-45F6-A57F-5ABD9991F28F}") = "Review Quiz", "Review Quiz.vbproj", "{9AA5488E-D1DE-45BB-98D6-8A7CF08E0208}"
EndProject
Global
	GlobalSection(SolutionConfigurationPlatforms) = preSolution
		Debug|Any CPU = Debug|Any CPU
		Release|Any CPU = Release|Any CPU
	EndGlobalSection
	GlobalSection(ProjectConfigurationPlatforms) = postSolution
		{9AA5488E-D1DE-45BB-98D6-8A7CF08E0208}.Debug|Any CPU.ActiveCfg = Debug|Any CPU
		{9AA5488E-D1DE-45BB-98D6-8A7CF08E0208}.Debug|Any CPU.Build.0 = Debug|Any CPU
		{9AA5488E-D1DE-45BB-98D6-8A7CF08E0208}.Release|Any CPU.ActiveCfg = Release|Any CPU
		{9AA5488E-D1DE-45BB-98D6-8A7CF08E0208}.Release|Any CPU.Build.0 = Release|Any CPU
	EndGlobalSection
	GlobalSection(SolutionProperties) = preSolution
		HideSolutionNode = FALSE
	EndGlobalSection
	GlobalSection(ExtensibilityGlobals) = postSolution
		SolutionGuid = {DFFF99F5-8EC3-4E7B-8EA7-E256545553E9}
	EndGlobalSection
EndGlobal
